// !$*UTF8*$!
{
	archiveVersion = 1;
	classes = {
	};
	objectVersion = 56;
	objects = {

/* Begin PBXBuildFile section */
		C6F3AC872BFF684000A108D9 /* AppDelegate.swift in Sources */ = {isa = PBXBuildFile; fileRef = C6F3AC862BFF684000A108D9 /* AppDelegate.swift */; };
		C6F3AC892BFF684000A108D9 /* SceneDelegate.swift in Sources */ = {isa = PBXBuildFile; fileRef = C6F3AC882BFF684000A108D9 /* SceneDelegate.swift */; };
		C6F3AC8B2BFF684000A108D9 /* ViewController.swift in Sources */ = {isa = PBXBuildFile; fileRef = C6F3AC8A2BFF684000A108D9 /* ViewController.swift */; };
		C6F3AC902BFF684100A108D9 /* Assets.xcassets in Resources */ = {isa = PBXBuildFile; fileRef = C6F3AC8F2BFF684100A108D9 /* Assets.xcassets */; };
		C6F3AC932BFF684100A108D9 /* LaunchScreen.storyboard in Resources */ = {isa = PBXBuildFile; fileRef = C6F3AC912BFF684100A108D9 /* LaunchScreen.storyboard */; };
		C6F3ACB42BFF6D0900A108D9 /* RxCocoa in Frameworks */ = {isa = PBXBuildFile; productRef = C6F3ACB32BFF6D0900A108D9 /* RxCocoa */; };
		C6F3ACB62BFF6D0900A108D9 /* RxRelay in Frameworks */ = {isa = PBXBuildFile; productRef = C6F3ACB52BFF6D0900A108D9 /* RxRelay */; };
		C6F3ACB82BFF6D0900A108D9 /* RxSwift in Frameworks */ = {isa = PBXBuildFile; productRef = C6F3ACB72BFF6D0900A108D9 /* RxSwift */; };
		C6F3ACBB2BFF6D3900A108D9 /* SnapKit in Frameworks */ = {isa = PBXBuildFile; productRef = C6F3ACBA2BFF6D3900A108D9 /* SnapKit */; };
		C6F3ACBE2BFF6D6400A108D9 /* Alamofire in Frameworks */ = {isa = PBXBuildFile; productRef = C6F3ACBD2BFF6D6400A108D9 /* Alamofire */; };
		C6F3ACC12BFF6D7D00A108D9 /* Kingfisher in Frameworks */ = {isa = PBXBuildFile; productRef = C6F3ACC02BFF6D7D00A108D9 /* Kingfisher */; };
		C6F3ACC62BFF6FB600A108D9 /* Requestable.swift in Sources */ = {isa = PBXBuildFile; fileRef = C6F3ACC52BFF6FB600A108D9 /* Requestable.swift */; };
		C6F3ACCA2BFF713000A108D9 /* APIError.swift in Sources */ = {isa = PBXBuildFile; fileRef = C6F3ACC92BFF713000A108D9 /* APIError.swift */; };
/* End PBXBuildFile section */

/* Begin PBXFileReference section */
		C6F3AC832BFF684000A108D9 /* Movie-List-App.app */ = {isa = PBXFileReference; explicitFileType = wrapper.application; includeInIndex = 0; path = "Movie-List-App.app"; sourceTree = BUILT_PRODUCTS_DIR; };
		C6F3AC862BFF684000A108D9 /* AppDelegate.swift */ = {isa = PBXFileReference; lastKnownFileType = sourcecode.swift; path = AppDelegate.swift; sourceTree = "<group>"; };
		C6F3AC882BFF684000A108D9 /* SceneDelegate.swift */ = {isa = PBXFileReference; lastKnownFileType = sourcecode.swift; path = SceneDelegate.swift; sourceTree = "<group>"; };
		C6F3AC8A2BFF684000A108D9 /* ViewController.swift */ = {isa = PBXFileReference; lastKnownFileType = sourcecode.swift; path = ViewController.swift; sourceTree = "<group>"; };
		C6F3AC8F2BFF684100A108D9 /* Assets.xcassets */ = {isa = PBXFileReference; lastKnownFileType = folder.assetcatalog; path = Assets.xcassets; sourceTree = "<group>"; };
		C6F3AC922BFF684100A108D9 /* Base */ = {isa = PBXFileReference; lastKnownFileType = file.storyboard; name = Base; path = Base.lproj/LaunchScreen.storyboard; sourceTree = "<group>"; };
		C6F3AC942BFF684100A108D9 /* Info.plist */ = {isa = PBXFileReference; lastKnownFileType = text.plist.xml; path = Info.plist; sourceTree = "<group>"; };
		C6F3ACC52BFF6FB600A108D9 /* Requestable.swift */ = {isa = PBXFileReference; lastKnownFileType = sourcecode.swift; path = Requestable.swift; sourceTree = "<group>"; };
		C6F3ACC92BFF713000A108D9 /* APIError.swift */ = {isa = PBXFileReference; lastKnownFileType = sourcecode.swift; path = APIError.swift; sourceTree = "<group>"; };
/* End PBXFileReference section */

/* Begin PBXFrameworksBuildPhase section */
		C6F3AC802BFF684000A108D9 /* Frameworks */ = {
			isa = PBXFrameworksBuildPhase;
			buildActionMask = 2147483647;
			files = (
				C6F3ACC12BFF6D7D00A108D9 /* Kingfisher in Frameworks */,
				C6F3ACBE2BFF6D6400A108D9 /* Alamofire in Frameworks */,
				C6F3ACB82BFF6D0900A108D9 /* RxSwift in Frameworks */,
				C6F3ACBB2BFF6D3900A108D9 /* SnapKit in Frameworks */,
				C6F3ACB62BFF6D0900A108D9 /* RxRelay in Frameworks */,
				C6F3ACB42BFF6D0900A108D9 /* RxCocoa in Frameworks */,
			);
			runOnlyForDeploymentPostprocessing = 0;
		};
/* End PBXFrameworksBuildPhase section */

/* Begin PBXGroup section */
		C6F3AC7A2BFF684000A108D9 = {
			isa = PBXGroup;
			children = (
				C6F3AC852BFF684000A108D9 /* Movie-List-App */,
				C6F3AC842BFF684000A108D9 /* Products */,
			);
			sourceTree = "<group>";
		};
		C6F3AC842BFF684000A108D9 /* Products */ = {
			isa = PBXGroup;
			children = (
				C6F3AC832BFF684000A108D9 /* Movie-List-App.app */,
			);
			name = Products;
			sourceTree = "<group>";
		};
		C6F3AC852BFF684000A108D9 /* Movie-List-App */ = {
			isa = PBXGroup;
			children = (
				C6F3AC9A2BFF6BE800A108D9 /* Application */,
				C6F3ACC32BFF6F2200A108D9 /* Data */,
				C6F3AC9B2BFF6BF900A108D9 /* Presentation */,
				C6F3AC9C2BFF6C0300A108D9 /* Resource */,
				C6F3AC942BFF684100A108D9 /* Info.plist */,
			);
			path = "Movie-List-App";
			sourceTree = "<group>";
		};
		C6F3AC9A2BFF6BE800A108D9 /* Application */ = {
			isa = PBXGroup;
			children = (
				C6F3AC862BFF684000A108D9 /* AppDelegate.swift */,
				C6F3AC882BFF684000A108D9 /* SceneDelegate.swift */,
			);
			path = Application;
			sourceTree = "<group>";
		};
		C6F3AC9B2BFF6BF900A108D9 /* Presentation */ = {
			isa = PBXGroup;
			children = (
				C6F3AC912BFF684100A108D9 /* LaunchScreen.storyboard */,
				C6F3AC8A2BFF684000A108D9 /* ViewController.swift */,
			);
			path = Presentation;
			sourceTree = "<group>";
		};
		C6F3AC9C2BFF6C0300A108D9 /* Resource */ = {
			isa = PBXGroup;
			children = (
				C6F3AC8F2BFF684100A108D9 /* Assets.xcassets */,
			);
			path = Resource;
			sourceTree = "<group>";
		};
		C6F3ACC32BFF6F2200A108D9 /* Data */ = {
			isa = PBXGroup;
			children = (
				C6F3ACC42BFF6F3000A108D9 /* Network */,
			);
			path = Data;
			sourceTree = "<group>";
		};
		C6F3ACC42BFF6F3000A108D9 /* Network */ = {
			isa = PBXGroup;
			children = (
				C6F3ACC52BFF6FB600A108D9 /* Requestable.swift */,
				C6F3ACC92BFF713000A108D9 /* APIError.swift */,
			);
			path = Network;
			sourceTree = "<group>";
		};
/* End PBXGroup section */

/* Begin PBXNativeTarget section */
		C6F3AC822BFF684000A108D9 /* Movie-List-App */ = {
			isa = PBXNativeTarget;
			buildConfigurationList = C6F3AC972BFF684100A108D9 /* Build configuration list for PBXNativeTarget "Movie-List-App" */;
			buildPhases = (
				C6F3AC7F2BFF684000A108D9 /* Sources */,
				C6F3AC802BFF684000A108D9 /* Frameworks */,
				C6F3AC812BFF684000A108D9 /* Resources */,
			);
			buildRules = (
			);
			dependencies = (
			);
			name = "Movie-List-App";
			packageProductDependencies = (
				C6F3ACB32BFF6D0900A108D9 /* RxCocoa */,
				C6F3ACB52BFF6D0900A108D9 /* RxRelay */,
				C6F3ACB72BFF6D0900A108D9 /* RxSwift */,
				C6F3ACBA2BFF6D3900A108D9 /* SnapKit */,
				C6F3ACBD2BFF6D6400A108D9 /* Alamofire */,
				C6F3ACC02BFF6D7D00A108D9 /* Kingfisher */,
			);
			productName = "Movie-List-App";
			productReference = C6F3AC832BFF684000A108D9 /* Movie-List-App.app */;
			productType = "com.apple.product-type.application";
		};
/* End PBXNativeTarget section */

/* Begin PBXProject section */
		C6F3AC7B2BFF684000A108D9 /* Project object */ = {
			isa = PBXProject;
			attributes = {
				BuildIndependentTargetsInParallel = 1;
				LastSwiftUpdateCheck = 1500;
				LastUpgradeCheck = 1500;
				TargetAttributes = {
					C6F3AC822BFF684000A108D9 = {
						CreatedOnToolsVersion = 15.0.1;
					};
				};
			};
			buildConfigurationList = C6F3AC7E2BFF684000A108D9 /* Build configuration list for PBXProject "Movie-List-App" */;
			compatibilityVersion = "Xcode 14.0";
			developmentRegion = en;
			hasScannedForEncodings = 0;
			knownRegions = (
				en,
				Base,
			);
			mainGroup = C6F3AC7A2BFF684000A108D9;
			packageReferences = (
				C6F3ACB22BFF6D0900A108D9 /* XCRemoteSwiftPackageReference "RxSwift" */,
				C6F3ACB92BFF6D3900A108D9 /* XCRemoteSwiftPackageReference "SnapKit" */,
				C6F3ACBC2BFF6D6400A108D9 /* XCRemoteSwiftPackageReference "Alamofire" */,
				C6F3ACBF2BFF6D7D00A108D9 /* XCRemoteSwiftPackageReference "Kingfisher" */,
			);
			productRefGroup = C6F3AC842BFF684000A108D9 /* Products */;
			projectDirPath = "";
			projectRoot = "";
			targets = (
				C6F3AC822BFF684000A108D9 /* Movie-List-App */,
			);
		};
/* End PBXProject section */

/* Begin PBXResourcesBuildPhase section */
		C6F3AC812BFF684000A108D9 /* Resources */ = {
			isa = PBXResourcesBuildPhase;
			buildActionMask = 2147483647;
			files = (
				C6F3AC932BFF684100A108D9 /* LaunchScreen.storyboard in Resources */,
				C6F3AC902BFF684100A108D9 /* Assets.xcassets in Resources */,
			);
			runOnlyForDeploymentPostprocessing = 0;
		};
/* End PBXResourcesBuildPhase section */

/* Begin PBXSourcesBuildPhase section */
		C6F3AC7F2BFF684000A108D9 /* Sources */ = {
			isa = PBXSourcesBuildPhase;
			buildActionMask = 2147483647;
			files = (
				C6F3AC8B2BFF684000A108D9 /* ViewController.swift in Sources */,
				C6F3ACC62BFF6FB600A108D9 /* Requestable.swift in Sources */,
				C6F3AC872BFF684000A108D9 /* AppDelegate.swift in Sources */,
				C6F3ACCA2BFF713000A108D9 /* APIError.swift in Sources */,
				C6F3AC892BFF684000A108D9 /* SceneDelegate.swift in Sources */,
			);
			runOnlyForDeploymentPostprocessing = 0;
		};
/* End PBXSourcesBuildPhase section */

/* Begin PBXVariantGroup section */
		C6F3AC912BFF684100A108D9 /* LaunchScreen.storyboard */ = {
			isa = PBXVariantGroup;
			children = (
				C6F3AC922BFF684100A108D9 /* Base */,
			);
			name = LaunchScreen.storyboard;
			sourceTree = "<group>";
		};
/* End PBXVariantGroup section */

/* Begin XCBuildConfiguration section */
		C6F3AC952BFF684100A108D9 /* Debug */ = {
			isa = XCBuildConfiguration;
			buildSettings = {
				ALWAYS_SEARCH_USER_PATHS = NO;
				ASSETCATALOG_COMPILER_GENERATE_SWIFT_ASSET_SYMBOL_EXTENSIONS = YES;
				CLANG_ANALYZER_NONNULL = YES;
				CLANG_ANALYZER_NUMBER_OBJECT_CONVERSION = YES_AGGRESSIVE;
				CLANG_CXX_LANGUAGE_STANDARD = "gnu++20";
				CLANG_ENABLE_MODULES = YES;
				CLANG_ENABLE_OBJC_ARC = YES;
				CLANG_ENABLE_OBJC_WEAK = YES;
				CLANG_WARN_BLOCK_CAPTURE_AUTORELEASING = YES;
				CLANG_WARN_BOOL_CONVERSION = YES;
				CLANG_WARN_COMMA = YES;
				CLANG_WARN_CONSTANT_CONVERSION = YES;
				CLANG_WARN_DEPRECATED_OBJC_IMPLEMENTATIONS = YES;
				CLANG_WARN_DIRECT_OBJC_ISA_USAGE = YES_ERROR;
				CLANG_WARN_DOCUMENTATION_COMMENTS = YES;
				CLANG_WARN_EMPTY_BODY = YES;
				CLANG_WARN_ENUM_CONVERSION = YES;
				CLANG_WARN_INFINITE_RECURSION = YES;
				CLANG_WARN_INT_CONVERSION = YES;
				CLANG_WARN_NON_LITERAL_NULL_CONVERSION = YES;
				CLANG_WARN_OBJC_IMPLICIT_RETAIN_SELF = YES;
				CLANG_WARN_OBJC_LITERAL_CONVERSION = YES;
				CLANG_WARN_OBJC_ROOT_CLASS = YES_ERROR;
				CLANG_WARN_QUOTED_INCLUDE_IN_FRAMEWORK_HEADER = YES;
				CLANG_WARN_RANGE_LOOP_ANALYSIS = YES;
				CLANG_WARN_STRICT_PROTOTYPES = YES;
				CLANG_WARN_SUSPICIOUS_MOVE = YES;
				CLANG_WARN_UNGUARDED_AVAILABILITY = YES_AGGRESSIVE;
				CLANG_WARN_UNREACHABLE_CODE = YES;
				CLANG_WARN__DUPLICATE_METHOD_MATCH = YES;
				COPY_PHASE_STRIP = NO;
				DEBUG_INFORMATION_FORMAT = dwarf;
				ENABLE_STRICT_OBJC_MSGSEND = YES;
				ENABLE_TESTABILITY = YES;
				ENABLE_USER_SCRIPT_SANDBOXING = YES;
				GCC_C_LANGUAGE_STANDARD = gnu17;
				GCC_DYNAMIC_NO_PIC = NO;
				GCC_NO_COMMON_BLOCKS = YES;
				GCC_OPTIMIZATION_LEVEL = 0;
				GCC_PREPROCESSOR_DEFINITIONS = (
					"DEBUG=1",
					"$(inherited)",
				);
				GCC_WARN_64_TO_32_BIT_CONVERSION = YES;
				GCC_WARN_ABOUT_RETURN_TYPE = YES_ERROR;
				GCC_WARN_UNDECLARED_SELECTOR = YES;
				GCC_WARN_UNINITIALIZED_AUTOS = YES_AGGRESSIVE;
				GCC_WARN_UNUSED_FUNCTION = YES;
				GCC_WARN_UNUSED_VARIABLE = YES;
				IPHONEOS_DEPLOYMENT_TARGET = 17.0;
				LOCALIZATION_PREFERS_STRING_CATALOGS = YES;
				MTL_ENABLE_DEBUG_INFO = INCLUDE_SOURCE;
				MTL_FAST_MATH = YES;
				ONLY_ACTIVE_ARCH = YES;
				SDKROOT = iphoneos;
				SWIFT_ACTIVE_COMPILATION_CONDITIONS = "DEBUG $(inherited)";
				SWIFT_OPTIMIZATION_LEVEL = "-Onone";
			};
			name = Debug;
		};
		C6F3AC962BFF684100A108D9 /* Release */ = {
			isa = XCBuildConfiguration;
			buildSettings = {
				ALWAYS_SEARCH_USER_PATHS = NO;
				ASSETCATALOG_COMPILER_GENERATE_SWIFT_ASSET_SYMBOL_EXTENSIONS = YES;
				CLANG_ANALYZER_NONNULL = YES;
				CLANG_ANALYZER_NUMBER_OBJECT_CONVERSION = YES_AGGRESSIVE;
				CLANG_CXX_LANGUAGE_STANDARD = "gnu++20";
				CLANG_ENABLE_MODULES = YES;
				CLANG_ENABLE_OBJC_ARC = YES;
				CLANG_ENABLE_OBJC_WEAK = YES;
				CLANG_WARN_BLOCK_CAPTURE_AUTORELEASING = YES;
				CLANG_WARN_BOOL_CONVERSION = YES;
				CLANG_WARN_COMMA = YES;
				CLANG_WARN_CONSTANT_CONVERSION = YES;
				CLANG_WARN_DEPRECATED_OBJC_IMPLEMENTATIONS = YES;
				CLANG_WARN_DIRECT_OBJC_ISA_USAGE = YES_ERROR;
				CLANG_WARN_DOCUMENTATION_COMMENTS = YES;
				CLANG_WARN_EMPTY_BODY = YES;
				CLANG_WARN_ENUM_CONVERSION = YES;
				CLANG_WARN_INFINITE_RECURSION = YES;
				CLANG_WARN_INT_CONVERSION = YES;
				CLANG_WARN_NON_LITERAL_NULL_CONVERSION = YES;
				CLANG_WARN_OBJC_IMPLICIT_RETAIN_SELF = YES;
				CLANG_WARN_OBJC_LITERAL_CONVERSION = YES;
				CLANG_WARN_OBJC_ROOT_CLASS = YES_ERROR;
				CLANG_WARN_QUOTED_INCLUDE_IN_FRAMEWORK_HEADER = YES;
				CLANG_WARN_RANGE_LOOP_ANALYSIS = YES;
				CLANG_WARN_STRICT_PROTOTYPES = YES;
				CLANG_WARN_SUSPICIOUS_MOVE = YES;
				CLANG_WARN_UNGUARDED_AVAILABILITY = YES_AGGRESSIVE;
				CLANG_WARN_UNREACHABLE_CODE = YES;
				CLANG_WARN__DUPLICATE_METHOD_MATCH = YES;
				COPY_PHASE_STRIP = NO;
				DEBUG_INFORMATION_FORMAT = "dwarf-with-dsym";
				ENABLE_NS_ASSERTIONS = NO;
				ENABLE_STRICT_OBJC_MSGSEND = YES;
				ENABLE_USER_SCRIPT_SANDBOXING = YES;
				GCC_C_LANGUAGE_STANDARD = gnu17;
				GCC_NO_COMMON_BLOCKS = YES;
				GCC_WARN_64_TO_32_BIT_CONVERSION = YES;
				GCC_WARN_ABOUT_RETURN_TYPE = YES_ERROR;
				GCC_WARN_UNDECLARED_SELECTOR = YES;
				GCC_WARN_UNINITIALIZED_AUTOS = YES_AGGRESSIVE;
				GCC_WARN_UNUSED_FUNCTION = YES;
				GCC_WARN_UNUSED_VARIABLE = YES;
				IPHONEOS_DEPLOYMENT_TARGET = 17.0;
				LOCALIZATION_PREFERS_STRING_CATALOGS = YES;
				MTL_ENABLE_DEBUG_INFO = NO;
				MTL_FAST_MATH = YES;
				SDKROOT = iphoneos;
				SWIFT_COMPILATION_MODE = wholemodule;
				VALIDATE_PRODUCT = YES;
			};
			name = Release;
		};
		C6F3AC982BFF684100A108D9 /* Debug */ = {
			isa = XCBuildConfiguration;
			buildSettings = {
				ASSETCATALOG_COMPILER_APPICON_NAME = AppIcon;
				ASSETCATALOG_COMPILER_GLOBAL_ACCENT_COLOR_NAME = AccentColor;
				CODE_SIGN_STYLE = Automatic;
				CURRENT_PROJECT_VERSION = 1;
				DEVELOPMENT_TEAM = SD8J3B58T9;
				GENERATE_INFOPLIST_FILE = YES;
				INFOPLIST_FILE = "Movie-List-App/Info.plist";
				INFOPLIST_KEY_UIApplicationSupportsIndirectInputEvents = YES;
				INFOPLIST_KEY_UILaunchStoryboardName = LaunchScreen;
				INFOPLIST_KEY_UISupportedInterfaceOrientations_iPad = "UIInterfaceOrientationPortrait UIInterfaceOrientationPortraitUpsideDown UIInterfaceOrientationLandscapeLeft UIInterfaceOrientationLandscapeRight";
				INFOPLIST_KEY_UISupportedInterfaceOrientations_iPhone = "UIInterfaceOrientationPortrait UIInterfaceOrientationLandscapeLeft UIInterfaceOrientationLandscapeRight";
				LD_RUNPATH_SEARCH_PATHS = (
					"$(inherited)",
					"@executable_path/Frameworks",
				);
				MARKETING_VERSION = 1.0;
				PRODUCT_BUNDLE_IDENTIFIER = "Doogie.Movie-List-App";
				PRODUCT_NAME = "$(TARGET_NAME)";
				SWIFT_EMIT_LOC_STRINGS = YES;
				SWIFT_VERSION = 5.0;
				TARGETED_DEVICE_FAMILY = "1,2";
			};
			name = Debug;
		};
		C6F3AC992BFF684100A108D9 /* Release */ = {
			isa = XCBuildConfiguration;
			buildSettings = {
				ASSETCATALOG_COMPILER_APPICON_NAME = AppIcon;
				ASSETCATALOG_COMPILER_GLOBAL_ACCENT_COLOR_NAME = AccentColor;
				CODE_SIGN_STYLE = Automatic;
				CURRENT_PROJECT_VERSION = 1;
				DEVELOPMENT_TEAM = SD8J3B58T9;
				GENERATE_INFOPLIST_FILE = YES;
				INFOPLIST_FILE = "Movie-List-App/Info.plist";
				INFOPLIST_KEY_UIApplicationSupportsIndirectInputEvents = YES;
				INFOPLIST_KEY_UILaunchStoryboardName = LaunchScreen;
				INFOPLIST_KEY_UISupportedInterfaceOrientations_iPad = "UIInterfaceOrientationPortrait UIInterfaceOrientationPortraitUpsideDown UIInterfaceOrientationLandscapeLeft UIInterfaceOrientationLandscapeRight";
				INFOPLIST_KEY_UISupportedInterfaceOrientations_iPhone = "UIInterfaceOrientationPortrait UIInterfaceOrientationLandscapeLeft UIInterfaceOrientationLandscapeRight";
				LD_RUNPATH_SEARCH_PATHS = (
					"$(inherited)",
					"@executable_path/Frameworks",
				);
				MARKETING_VERSION = 1.0;
				PRODUCT_BUNDLE_IDENTIFIER = "Doogie.Movie-List-App";
				PRODUCT_NAME = "$(TARGET_NAME)";
				SWIFT_EMIT_LOC_STRINGS = YES;
				SWIFT_VERSION = 5.0;
				TARGETED_DEVICE_FAMILY = "1,2";
			};
			name = Release;
		};
/* End XCBuildConfiguration section */

/* Begin XCConfigurationList section */
		C6F3AC7E2BFF684000A108D9 /* Build configuration list for PBXProject "Movie-List-App" */ = {
			isa = XCConfigurationList;
			buildConfigurations = (
				C6F3AC952BFF684100A108D9 /* Debug */,
				C6F3AC962BFF684100A108D9 /* Release */,
			);
			defaultConfigurationIsVisible = 0;
			defaultConfigurationName = Release;
		};
		C6F3AC972BFF684100A108D9 /* Build configuration list for PBXNativeTarget "Movie-List-App" */ = {
			isa = XCConfigurationList;
			buildConfigurations = (
				C6F3AC982BFF684100A108D9 /* Debug */,
				C6F3AC992BFF684100A108D9 /* Release */,
			);
			defaultConfigurationIsVisible = 0;
			defaultConfigurationName = Release;
		};
/* End XCConfigurationList section */

/* Begin XCRemoteSwiftPackageReference section */
		C6F3ACB22BFF6D0900A108D9 /* XCRemoteSwiftPackageReference "RxSwift" */ = {
			isa = XCRemoteSwiftPackageReference;
			repositoryURL = "https://github.com/ReactiveX/RxSwift.git";
			requirement = {
				kind = upToNextMajorVersion;
				minimumVersion = 6.7.1;
			};
		};
		C6F3ACB92BFF6D3900A108D9 /* XCRemoteSwiftPackageReference "SnapKit" */ = {
			isa = XCRemoteSwiftPackageReference;
			repositoryURL = "https://github.com/SnapKit/SnapKit.git";
			requirement = {
				kind = upToNextMajorVersion;
				minimumVersion = 5.7.1;
			};
		};
		C6F3ACBC2BFF6D6400A108D9 /* XCRemoteSwiftPackageReference "Alamofire" */ = {
			isa = XCRemoteSwiftPackageReference;
			repositoryURL = "https://github.com/Alamofire/Alamofire.git";
			requirement = {
				kind = upToNextMajorVersion;
				minimumVersion = 5.9.1;
			};
		};
		C6F3ACBF2BFF6D7D00A108D9 /* XCRemoteSwiftPackageReference "Kingfisher" */ = {
			isa = XCRemoteSwiftPackageReference;
			repositoryURL = "https://github.com/onevcat/Kingfisher.git";
			requirement = {
				kind = upToNextMajorVersion;
				minimumVersion = 7.11.0;
			};
		};
/* End XCRemoteSwiftPackageReference section */

/* Begin XCSwiftPackageProductDependency section */
		C6F3ACB32BFF6D0900A108D9 /* RxCocoa */ = {
			isa = XCSwiftPackageProductDependency;
			package = C6F3ACB22BFF6D0900A108D9 /* XCRemoteSwiftPackageReference "RxSwift" */;
			productName = RxCocoa;
		};
		C6F3ACB52BFF6D0900A108D9 /* RxRelay */ = {
			isa = XCSwiftPackageProductDependency;
			package = C6F3ACB22BFF6D0900A108D9 /* XCRemoteSwiftPackageReference "RxSwift" */;
			productName = RxRelay;
		};
		C6F3ACB72BFF6D0900A108D9 /* RxSwift */ = {
			isa = XCSwiftPackageProductDependency;
			package = C6F3ACB22BFF6D0900A108D9 /* XCRemoteSwiftPackageReference "RxSwift" */;
			productName = RxSwift;
		};
		C6F3ACBA2BFF6D3900A108D9 /* SnapKit */ = {
			isa = XCSwiftPackageProductDependency;
			package = C6F3ACB92BFF6D3900A108D9 /* XCRemoteSwiftPackageReference "SnapKit" */;
			productName = SnapKit;
		};
		C6F3ACBD2BFF6D6400A108D9 /* Alamofire */ = {
			isa = XCSwiftPackageProductDependency;
			package = C6F3ACBC2BFF6D6400A108D9 /* XCRemoteSwiftPackageReference "Alamofire" */;
			productName = Alamofire;
		};
		C6F3ACC02BFF6D7D00A108D9 /* Kingfisher */ = {
			isa = XCSwiftPackageProductDependency;
			package = C6F3ACBF2BFF6D7D00A108D9 /* XCRemoteSwiftPackageReference "Kingfisher" */;
			productName = Kingfisher;
		};
/* End XCSwiftPackageProductDependency section */
	};
	rootObject = C6F3AC7B2BFF684000A108D9 /* Project object */;
}
